// !$*UTF8*$!
{
	archiveVersion = 1;
	classes = {
	};
	objectVersion = 77;
	objects = {

/* Begin PBXBuildFile section */
		8E850E652ED55AD1002F3A8C /* firestore-kmp.xcframework in Frameworks */ = {isa = PBXBuildFile; fileRef = 8E850E632ED55AC0002F3A8C /* firestore-kmp.xcframework */; };
		8E850E662ED55AD1002F3A8C /* firestore-kmp.xcframework in Embed Frameworks */ = {isa = PBXBuildFile; fileRef = 8E850E632ED55AC0002F3A8C /* firestore-kmp.xcframework */; settings = {ATTRIBUTES = (CodeSignOnCopy, RemoveHeadersOnCopy, ); }; };
/* End PBXBuildFile section */

/* Begin PBXContainerItemProxy section */
		8ED821B62ED55410004319DC /* PBXContainerItemProxy */ = {
			isa = PBXContainerItemProxy;
			containerPortal = 8ED821A02ED5540D004319DC /* Project object */;
			proxyType = 1;
			remoteGlobalIDString = 8ED821A72ED5540D004319DC;
			remoteInfo = "ios-example";
		};
		8ED821C02ED55410004319DC /* PBXContainerItemProxy */ = {
			isa = PBXContainerItemProxy;
			containerPortal = 8ED821A02ED5540D004319DC /* Project object */;
			proxyType = 1;
			remoteGlobalIDString = 8ED821A72ED5540D004319DC;
			remoteInfo = "ios-example";
		};
/* End PBXContainerItemProxy section */

/* Begin PBXCopyFilesBuildPhase section */
		8E850E672ED55AD1002F3A8C /* Embed Frameworks */ = {
			isa = PBXCopyFilesBuildPhase;
			buildActionMask = 2147483647;
			dstPath = "";
			dstSubfolderSpec = 10;
			files = (
				8E850E662ED55AD1002F3A8C /* firestore-kmp.xcframework in Embed Frameworks */,
			);
			name = "Embed Frameworks";
			runOnlyForDeploymentPostprocessing = 0;
		};
/* End PBXCopyFilesBuildPhase section */

/* Begin PBXFileReference section */
		8E850E632ED55AC0002F3A8C /* firestore-kmp.xcframework */ = {isa = PBXFileReference; lastKnownFileType = wrapper.xcframework; path = "firestore-kmp.xcframework"; sourceTree = "<group>"; };
		8ED821A82ED5540D004319DC /* ios-example.app */ = {isa = PBXFileReference; explicitFileType = wrapper.application; includeInIndex = 0; path = "ios-example.app"; sourceTree = BUILT_PRODUCTS_DIR; };
		8ED821B52ED55410004319DC /* ios-exampleTests.xctest */ = {isa = PBXFileReference; explicitFileType = wrapper.cfbundle; includeInIndex = 0; path = "ios-exampleTests.xctest"; sourceTree = BUILT_PRODUCTS_DIR; };
		8ED821BF2ED55410004319DC /* ios-exampleUITests.xctest */ = {isa = PBXFileReference; explicitFileType = wrapper.cfbundle; includeInIndex = 0; path = "ios-exampleUITests.xctest"; sourceTree = BUILT_PRODUCTS_DIR; };
/* End PBXFileReference section */

/* Begin PBXFileSystemSynchronizedRootGroup section */
		8ED821AA2ED5540D004319DC /* ios-example */ = {
			isa = PBXFileSystemSynchronizedRootGroup;
			path = "ios-example";
			sourceTree = "<group>";
		};
		8ED821B82ED55410004319DC /* ios-exampleTests */ = {
			isa = PBXFileSystemSynchronizedRootGroup;
			path = "ios-exampleTests";
			sourceTree = "<group>";
		};
		8ED821C22ED55410004319DC /* ios-exampleUITests */ = {
			isa = PBXFileSystemSynchronizedRootGroup;
			path = "ios-exampleUITests";
			sourceTree = "<group>";
		};
/* End PBXFileSystemSynchronizedRootGroup section */

/* Begin PBXFrameworksBuildPhase section */
		8ED821A52ED5540D004319DC /* Frameworks */ = {
			isa = PBXFrameworksBuildPhase;
			buildActionMask = 2147483647;
			files = (
				8E850E652ED55AD1002F3A8C /* firestore-kmp.xcframework in Frameworks */,
			);
			runOnlyForDeploymentPostprocessing = 0;
		};
		8ED821B22ED55410004319DC /* Frameworks */ = {
			isa = PBXFrameworksBuildPhase;
			buildActionMask = 2147483647;
			files = (
			);
			runOnlyForDeploymentPostprocessing = 0;
		};
		8ED821BC2ED55410004319DC /* Frameworks */ = {
			isa = PBXFrameworksBuildPhase;
			buildActionMask = 2147483647;
			files = (
			);
			runOnlyForDeploymentPostprocessing = 0;
		};
/* End PBXFrameworksBuildPhase section */

/* Begin PBXGroup section */
		8E850E622ED55AC0002F3A8C /* Frameworks */ = {
			isa = PBXGroup;
			children = (
				8E850E632ED55AC0002F3A8C /* firestore-kmp.xcframework */,
			);
			name = Frameworks;
			sourceTree = "<group>";
		};
		8ED8219F2ED5540D004319DC = {
			isa = PBXGroup;
			children = (
				8ED821AA2ED5540D004319DC /* ios-example */,
				8ED821B82ED55410004319DC /* ios-exampleTests */,
				8ED821C22ED55410004319DC /* ios-exampleUITests */,
				8E850E622ED55AC0002F3A8C /* Frameworks */,
				8ED821A92ED5540D004319DC /* Products */,
			);
			sourceTree = "<group>";
		};
		8ED821A92ED5540D004319DC /* Products */ = {
			isa = PBXGroup;
			children = (
				8ED821A82ED5540D004319DC /* ios-example.app */,
				8ED821B52ED55410004319DC /* ios-exampleTests.xctest */,
				8ED821BF2ED55410004319DC /* ios-exampleUITests.xctest */,
			);
			name = Products;
			sourceTree = "<group>";
		};
/* End PBXGroup section */

/* Begin PBXNativeTarget section */
		8ED821A72ED5540D004319DC /* ios-example */ = {
			isa = PBXNativeTarget;
			buildConfigurationList = 8ED821C92ED55410004319DC /* Build configuration list for PBXNativeTarget "ios-example" */;
			buildPhases = (
				8ED821A42ED5540D004319DC /* Sources */,
				8ED821A52ED5540D004319DC /* Frameworks */,
				8ED821A62ED5540D004319DC /* Resources */,
				8E850E672ED55AD1002F3A8C /* Embed Frameworks */,
			);
			buildRules = (
			);
			dependencies = (
			);
			fileSystemSynchronizedGroups = (
				8ED821AA2ED5540D004319DC /* ios-example */,
			);
			name = "ios-example";
			packageProductDependencies = (
			);
			productName = "ios-example";
			productReference = 8ED821A82ED5540D004319DC /* ios-example.app */;
			productType = "com.apple.product-type.application";
		};
		8ED821B42ED55410004319DC /* ios-exampleTests */ = {
			isa = PBXNativeTarget;
			buildConfigurationList = 8ED821CC2ED55410004319DC /* Build configuration list for PBXNativeTarget "ios-exampleTests" */;
			buildPhases = (
				8ED821B12ED55410004319DC /* Sources */,
				8ED821B22ED55410004319DC /* Frameworks */,
				8ED821B32ED55410004319DC /* Resources */,
			);
			buildRules = (
			);
			dependencies = (
				8ED821B72ED55410004319DC /* PBXTargetDependency */,
			);
			fileSystemSynchronizedGroups = (
				8ED821B82ED55410004319DC /* ios-exampleTests */,
			);
			name = "ios-exampleTests";
			packageProductDependencies = (
			);
			productName = "ios-exampleTests";
			productReference = 8ED821B52ED55410004319DC /* ios-exampleTests.xctest */;
			productType = "com.apple.product-type.bundle.unit-test";
		};
		8ED821BE2ED55410004319DC /* ios-exampleUITests */ = {
			isa = PBXNativeTarget;
			buildConfigurationList = 8ED821CF2ED55410004319DC /* Build configuration list for PBXNativeTarget "ios-exampleUITests" */;
			buildPhases = (
				8ED821BB2ED55410004319DC /* Sources */,
				8ED821BC2ED55410004319DC /* Frameworks */,
				8ED821BD2ED55410004319DC /* Resources */,
			);
			buildRules = (
			);
			dependencies = (
				8ED821C12ED55410004319DC /* PBXTargetDependency */,
			);
			fileSystemSynchronizedGroups = (
				8ED821C22ED55410004319DC /* ios-exampleUITests */,
			);
			name = "ios-exampleUITests";
			packageProductDependencies = (
			);
			productName = "ios-exampleUITests";
			productReference = 8ED821BF2ED55410004319DC /* ios-exampleUITests.xctest */;
			productType = "com.apple.product-type.bundle.ui-testing";
		};
/* End PBXNativeTarget section */

/* Begin PBXProject section */
		8ED821A02ED5540D004319DC /* Project object */ = {
			isa = PBXProject;
			attributes = {
				BuildIndependentTargetsInParallel = 1;
				LastSwiftUpdateCheck = 1640;
				LastUpgradeCheck = 1640;
				TargetAttributes = {
					8ED821A72ED5540D004319DC = {
						CreatedOnToolsVersion = 16.4;
					};
					8ED821B42ED55410004319DC = {
						CreatedOnToolsVersion = 16.4;
						TestTargetID = 8ED821A72ED5540D004319DC;
					};
					8ED821BE2ED55410004319DC = {
						CreatedOnToolsVersion = 16.4;
						TestTargetID = 8ED821A72ED5540D004319DC;
					};
				};
			};
			buildConfigurationList = 8ED821A32ED5540D004319DC /* Build configuration list for PBXProject "ios-example" */;
			developmentRegion = en;
			hasScannedForEncodings = 0;
			knownRegions = (
				en,
				Base,
			);
			mainGroup = 8ED8219F2ED5540D004319DC;
			minimizedProjectReferenceProxies = 1;
			preferredProjectObjectVersion = 77;
			productRefGroup = 8ED821A92ED5540D004319DC /* Products */;
			projectDirPath = "";
			projectRoot = "";
			targets = (
				8ED821A72ED5540D004319DC /* ios-example */,
				8ED821B42ED55410004319DC /* ios-exampleTests */,
				8ED821BE2ED55410004319DC /* ios-exampleUITests */,
			);
		};
/* End PBXProject section */

/* Begin PBXResourcesBuildPhase section */
		8ED821A62ED5540D004319DC /* Resources */ = {
			isa = PBXResourcesBuildPhase;
			buildActionMask = 2147483647;
			files = (
			);
			runOnlyForDeploymentPostprocessing = 0;
		};
		8ED821B32ED55410004319DC /* Resources */ = {
			isa = PBXResourcesBuildPhase;
			buildActionMask = 2147483647;
			files = (
			);
			runOnlyForDeploymentPostprocessing = 0;
		};
		8ED821BD2ED55410004319DC /* Resources */ = {
			isa = PBXResourcesBuildPhase;
			buildActionMask = 2147483647;
			files = (
			);
			runOnlyForDeploymentPostprocessing = 0;
		};
/* End PBXResourcesBuildPhase section */

/* Begin PBXSourcesBuildPhase section */
		8ED821A42ED5540D004319DC /* Sources */ = {
			isa = PBXSourcesBuildPhase;
			buildActionMask = 2147483647;
			files = (
			);
			runOnlyForDeploymentPostprocessing = 0;
		};
		8ED821B12ED55410004319DC /* Sources */ = {
			isa = PBXSourcesBuildPhase;
			buildActionMask = 2147483647;
			files = (
			);
			runOnlyForDeploymentPostprocessing = 0;
		};
		8ED821BB2ED55410004319DC /* Sources */ = {
			isa = PBXSourcesBuildPhase;
			buildActionMask = 2147483647;
			files = (
			);
			runOnlyForDeploymentPostprocessing = 0;
		};
/* End PBXSourcesBuildPhase section */

/* Begin PBXTargetDependency section */
		8ED821B72ED55410004319DC /* PBXTargetDependency */ = {
			isa = PBXTargetDependency;
			target = 8ED821A72ED5540D004319DC /* ios-example */;
			targetProxy = 8ED821B62ED55410004319DC /* PBXContainerItemProxy */;
		};
		8ED821C12ED55410004319DC /* PBXTargetDependency */ = {
			isa = PBXTargetDependency;
			target = 8ED821A72ED5540D004319DC /* ios-example */;
			targetProxy = 8ED821C02ED55410004319DC /* PBXContainerItemProxy */;
		};
/* End PBXTargetDependency section */

/* Begin XCBuildConfiguration section */
		8ED821C72ED55410004319DC /* Debug */ = {
			isa = XCBuildConfiguration;
			buildSettings = {
				ALWAYS_SEARCH_USER_PATHS = NO;
				ASSETCATALOG_COMPILER_GENERATE_SWIFT_ASSET_SYMBOL_EXTENSIONS = YES;
				CLANG_ANALYZER_NONNULL = YES;
				CLANG_ANALYZER_NUMBER_OBJECT_CONVERSION = YES_AGGRESSIVE;
				CLANG_CXX_LANGUAGE_STANDARD = "gnu++20";
				CLANG_ENABLE_MODULES = YES;
				CLANG_ENABLE_OBJC_ARC = YES;
				CLANG_ENABLE_OBJC_WEAK = YES;
				CLANG_WARN_BLOCK_CAPTURE_AUTORELEASING = YES;
				CLANG_WARN_BOOL_CONVERSION = YES;
				CLANG_WARN_COMMA = YES;
				CLANG_WARN_CONSTANT_CONVERSION = YES;
				CLANG_WARN_DEPRECATED_OBJC_IMPLEMENTATIONS = YES;
				CLANG_WARN_DIRECT_OBJC_ISA_USAGE = YES_ERROR;
				CLANG_WARN_DOCUMENTATION_COMMENTS = YES;
				CLANG_WARN_EMPTY_BODY = YES;
				CLANG_WARN_ENUM_CONVERSION = YES;
				CLANG_WARN_INFINITE_RECURSION = YES;
				CLANG_WARN_INT_CONVERSION = YES;
				CLANG_WARN_NON_LITERAL_NULL_CONVERSION = YES;
				CLANG_WARN_OBJC_IMPLICIT_RETAIN_SELF = YES;
				CLANG_WARN_OBJC_LITERAL_CONVERSION = YES;
				CLANG_WARN_OBJC_ROOT_CLASS = YES_ERROR;
				CLANG_WARN_QUOTED_INCLUDE_IN_FRAMEWORK_HEADER = YES;
				CLANG_WARN_RANGE_LOOP_ANALYSIS = YES;
				CLANG_WARN_STRICT_PROTOTYPES = YES;
				CLANG_WARN_SUSPICIOUS_MOVE = YES;
				CLANG_WARN_UNGUARDED_AVAILABILITY = YES_AGGRESSIVE;
				CLANG_WARN_UNREACHABLE_CODE = YES;
				CLANG_WARN__DUPLICATE_METHOD_MATCH = YES;
				COPY_PHASE_STRIP = NO;
				DEBUG_INFORMATION_FORMAT = dwarf;
				DEVELOPMENT_TEAM = 3K342K5J4D;
				ENABLE_STRICT_OBJC_MSGSEND = YES;
				ENABLE_TESTABILITY = YES;
				ENABLE_USER_SCRIPT_SANDBOXING = YES;
				GCC_C_LANGUAGE_STANDARD = gnu17;
				GCC_DYNAMIC_NO_PIC = NO;
				GCC_NO_COMMON_BLOCKS = YES;
				GCC_OPTIMIZATION_LEVEL = 0;
				GCC_PREPROCESSOR_DEFINITIONS = (
					"DEBUG=1",
					"$(inherited)",
				);
				GCC_WARN_64_TO_32_BIT_CONVERSION = YES;
				GCC_WARN_ABOUT_RETURN_TYPE = YES_ERROR;
				GCC_WARN_UNDECLARED_SELECTOR = YES;
				GCC_WARN_UNINITIALIZED_AUTOS = YES_AGGRESSIVE;
				GCC_WARN_UNUSED_FUNCTION = YES;
				GCC_WARN_UNUSED_VARIABLE = YES;
				IPHONEOS_DEPLOYMENT_TARGET = 18.5;
				LOCALIZATION_PREFERS_STRING_CATALOGS = YES;
				MTL_ENABLE_DEBUG_INFO = INCLUDE_SOURCE;
				MTL_FAST_MATH = YES;
				ONLY_ACTIVE_ARCH = YES;
				SDKROOT = iphoneos;
				SWIFT_ACTIVE_COMPILATION_CONDITIONS = "DEBUG $(inherited)";
				SWIFT_OPTIMIZATION_LEVEL = "-Onone";
			};
			name = Debug;
		};
		8ED821C82ED55410004319DC /* Release */ = {
			isa = XCBuildConfiguration;
			buildSettings = {
				ALWAYS_SEARCH_USER_PATHS = NO;
				ASSETCATALOG_COMPILER_GENERATE_SWIFT_ASSET_SYMBOL_EXTENSIONS = YES;
				CLANG_ANALYZER_NONNULL = YES;
				CLANG_ANALYZER_NUMBER_OBJECT_CONVERSION = YES_AGGRESSIVE;
				CLANG_CXX_LANGUAGE_STANDARD = "gnu++20";
				CLANG_ENABLE_MODULES = YES;
				CLANG_ENABLE_OBJC_ARC = YES;
				CLANG_ENABLE_OBJC_WEAK = YES;
				CLANG_WARN_BLOCK_CAPTURE_AUTORELEASING = YES;
				CLANG_WARN_BOOL_CONVERSION = YES;
				CLANG_WARN_COMMA = YES;
				CLANG_WARN_CONSTANT_CONVERSION = YES;
				CLANG_WARN_DEPRECATED_OBJC_IMPLEMENTATIONS = YES;
				CLANG_WARN_DIRECT_OBJC_ISA_USAGE = YES_ERROR;
				CLANG_WARN_DOCUMENTATION_COMMENTS = YES;
				CLANG_WARN_EMPTY_BODY = YES;
				CLANG_WARN_ENUM_CONVERSION = YES;
				CLANG_WARN_INFINITE_RECURSION = YES;
				CLANG_WARN_INT_CONVERSION = YES;
				CLANG_WARN_NON_LITERAL_NULL_CONVERSION = YES;
				CLANG_WARN_OBJC_IMPLICIT_RETAIN_SELF = YES;
				CLANG_WARN_OBJC_LITERAL_CONVERSION = YES;
				CLANG_WARN_OBJC_ROOT_CLASS = YES_ERROR;
				CLANG_WARN_QUOTED_INCLUDE_IN_FRAMEWORK_HEADER = YES;
				CLANG_WARN_RANGE_LOOP_ANALYSIS = YES;
				CLANG_WARN_STRICT_PROTOTYPES = YES;
				CLANG_WARN_SUSPICIOUS_MOVE = YES;
				CLANG_WARN_UNGUARDED_AVAILABILITY = YES_AGGRESSIVE;
				CLANG_WARN_UNREACHABLE_CODE = YES;
				CLANG_WARN__DUPLICATE_METHOD_MATCH = YES;
				COPY_PHASE_STRIP = NO;
				DEBUG_INFORMATION_FORMAT = "dwarf-with-dsym";
				DEVELOPMENT_TEAM = 3K342K5J4D;
				ENABLE_NS_ASSERTIONS = NO;
				ENABLE_STRICT_OBJC_MSGSEND = YES;
				ENABLE_USER_SCRIPT_SANDBOXING = YES;
				GCC_C_LANGUAGE_STANDARD = gnu17;
				GCC_NO_COMMON_BLOCKS = YES;
				GCC_WARN_64_TO_32_BIT_CONVERSION = YES;
				GCC_WARN_ABOUT_RETURN_TYPE = YES_ERROR;
				GCC_WARN_UNDECLARED_SELECTOR = YES;
				GCC_WARN_UNINITIALIZED_AUTOS = YES_AGGRESSIVE;
				GCC_WARN_UNUSED_FUNCTION = YES;
				GCC_WARN_UNUSED_VARIABLE = YES;
				IPHONEOS_DEPLOYMENT_TARGET = 18.5;
				LOCALIZATION_PREFERS_STRING_CATALOGS = YES;
				MTL_ENABLE_DEBUG_INFO = NO;
				MTL_FAST_MATH = YES;
				SDKROOT = iphoneos;
				SWIFT_COMPILATION_MODE = wholemodule;
				VALIDATE_PRODUCT = YES;
			};
			name = Release;
		};
		8ED821CA2ED55410004319DC /* Debug */ = {
			isa = XCBuildConfiguration;
			buildSettings = {
				ASSETCATALOG_COMPILER_APPICON_NAME = AppIcon;
				ASSETCATALOG_COMPILER_GLOBAL_ACCENT_COLOR_NAME = AccentColor;
				CODE_SIGN_STYLE = Automatic;
				CURRENT_PROJECT_VERSION = 1;
				DEVELOPMENT_TEAM = 3K342K5J4D;
				ENABLE_PREVIEWS = YES;
				GENERATE_INFOPLIST_FILE = YES;
				INFOPLIST_KEY_UIApplicationSceneManifest_Generation = YES;
				INFOPLIST_KEY_UIApplicationSupportsIndirectInputEvents = YES;
				INFOPLIST_KEY_UILaunchScreen_Generation = YES;
				INFOPLIST_KEY_UISupportedInterfaceOrientations_iPad = "UIInterfaceOrientationPortrait UIInterfaceOrientationPortraitUpsideDown UIInterfaceOrientationLandscapeLeft UIInterfaceOrientationLandscapeRight";
				INFOPLIST_KEY_UISupportedInterfaceOrientations_iPhone = "UIInterfaceOrientationPortrait UIInterfaceOrientationLandscapeLeft UIInterfaceOrientationLandscapeRight";
				LD_RUNPATH_SEARCH_PATHS = (
					"$(inherited)",
					"@executable_path/Frameworks",
				);
				MARKETING_VERSION = 1.0;
				PRODUCT_BUNDLE_IDENTIFIER = "com.timk.ios-example";
				PRODUCT_NAME = "$(TARGET_NAME)";
				SWIFT_EMIT_LOC_STRINGS = YES;
				SWIFT_VERSION = 5.0;
				TARGETED_DEVICE_FAMILY = "1,2";
			};
			name = Debug;
		};
		8ED821CB2ED55410004319DC /* Release */ = {
			isa = XCBuildConfiguration;
			buildSettings = {
				ASSETCATALOG_COMPILER_APPICON_NAME = AppIcon;
				ASSETCATALOG_COMPILER_GLOBAL_ACCENT_COLOR_NAME = AccentColor;
				CODE_SIGN_STYLE = Automatic;
				CURRENT_PROJECT_VERSION = 1;
				DEVELOPMENT_TEAM = 3K342K5J4D;
				ENABLE_PREVIEWS = YES;
				GENERATE_INFOPLIST_FILE = YES;
				INFOPLIST_KEY_UIApplicationSceneManifest_Generation = YES;
				INFOPLIST_KEY_UIApplicationSupportsIndirectInputEvents = YES;
				INFOPLIST_KEY_UILaunchScreen_Generation = YES;
				INFOPLIST_KEY_UISupportedInterfaceOrientations_iPad = "UIInterfaceOrientationPortrait UIInterfaceOrientationPortraitUpsideDown UIInterfaceOrientationLandscapeLeft UIInterfaceOrientationLandscapeRight";
				INFOPLIST_KEY_UISupportedInterfaceOrientations_iPhone = "UIInterfaceOrientationPortrait UIInterfaceOrientationLandscapeLeft UIInterfaceOrientationLandscapeRight";
				LD_RUNPATH_SEARCH_PATHS = (
					"$(inherited)",
					"@executable_path/Frameworks",
				);
				MARKETING_VERSION = 1.0;
				PRODUCT_BUNDLE_IDENTIFIER = "com.timk.ios-example";
				PRODUCT_NAME = "$(TARGET_NAME)";
				SWIFT_EMIT_LOC_STRINGS = YES;
				SWIFT_VERSION = 5.0;
				TARGETED_DEVICE_FAMILY = "1,2";
			};
			name = Release;
		};
		8ED821CD2ED55410004319DC /* Debug */ = {
			isa = XCBuildConfiguration;
			buildSettings = {
				BUNDLE_LOADER = "$(TEST_HOST)";
				CODE_SIGN_STYLE = Automatic;
				CURRENT_PROJECT_VERSION = 1;
				DEVELOPMENT_TEAM = 3K342K5J4D;
				GENERATE_INFOPLIST_FILE = YES;
				IPHONEOS_DEPLOYMENT_TARGET = 18.5;
				MARKETING_VERSION = 1.0;
				PRODUCT_BUNDLE_IDENTIFIER = "com.timk.ios-exampleTests";
				PRODUCT_NAME = "$(TARGET_NAME)";
				SWIFT_EMIT_LOC_STRINGS = NO;
				SWIFT_VERSION = 5.0;
				TARGETED_DEVICE_FAMILY = "1,2";
				TEST_HOST = "$(BUILT_PRODUCTS_DIR)/ios-example.app/$(BUNDLE_EXECUTABLE_FOLDER_PATH)/ios-example";
			};
			name = Debug;
		};
		8ED821CE2ED55410004319DC /* Release */ = {
			isa = XCBuildConfiguration;
			buildSettings = {
				BUNDLE_LOADER = "$(TEST_HOST)";
				CODE_SIGN_STYLE = Automatic;
				CURRENT_PROJECT_VERSION = 1;
				DEVELOPMENT_TEAM = 3K342K5J4D;
				GENERATE_INFOPLIST_FILE = YES;
				IPHONEOS_DEPLOYMENT_TARGET = 18.5;
				MARKETING_VERSION = 1.0;
				PRODUCT_BUNDLE_IDENTIFIER = "com.timk.ios-exampleTests";
				PRODUCT_NAME = "$(TARGET_NAME)";
				SWIFT_EMIT_LOC_STRINGS = NO;
				SWIFT_VERSION = 5.0;
				TARGETED_DEVICE_FAMILY = "1,2";
				TEST_HOST = "$(BUILT_PRODUCTS_DIR)/ios-example.app/$(BUNDLE_EXECUTABLE_FOLDER_PATH)/ios-example";
			};
			name = Release;
		};
		8ED821D02ED55410004319DC /* Debug */ = {
			isa = XCBuildConfiguration;
			buildSettings = {
				CODE_SIGN_STYLE = Automatic;
				CURRENT_PROJECT_VERSION = 1;
				DEVELOPMENT_TEAM = 3K342K5J4D;
				GENERATE_INFOPLIST_FILE = YES;
				MARKETING_VERSION = 1.0;
				PRODUCT_BUNDLE_IDENTIFIER = "com.timk.ios-exampleUITests";
				PRODUCT_NAME = "$(TARGET_NAME)";
				SWIFT_EMIT_LOC_STRINGS = NO;
				SWIFT_VERSION = 5.0;
				TARGETED_DEVICE_FAMILY = "1,2";
				TEST_TARGET_NAME = "ios-example";
			};
			name = Debug;
		};
		8ED821D12ED55410004319DC /* Release */ = {
			isa = XCBuildConfiguration;
			buildSettings = {
				CODE_SIGN_STYLE = Automatic;
				CURRENT_PROJECT_VERSION = 1;
				DEVELOPMENT_TEAM = 3K342K5J4D;
				GENERATE_INFOPLIST_FILE = YES;
				MARKETING_VERSION = 1.0;
				PRODUCT_BUNDLE_IDENTIFIER = "com.timk.ios-exampleUITests";
				PRODUCT_NAME = "$(TARGET_NAME)";
				SWIFT_EMIT_LOC_STRINGS = NO;
				SWIFT_VERSION = 5.0;
				TARGETED_DEVICE_FAMILY = "1,2";
				TEST_TARGET_NAME = "ios-example";
			};
			name = Release;
		};
/* End XCBuildConfiguration section */

/* Begin XCConfigurationList section */
		8ED821A32ED5540D004319DC /* Build configuration list for PBXProject "ios-example" */ = {
			isa = XCConfigurationList;
			buildConfigurations = (
				8ED821C72ED55410004319DC /* Debug */,
				8ED821C82ED55410004319DC /* Release */,
			);
			defaultConfigurationIsVisible = 0;
			defaultConfigurationName = Release;
		};
		8ED821C92ED55410004319DC /* Build configuration list for PBXNativeTarget "ios-example" */ = {
			isa = XCConfigurationList;
			buildConfigurations = (
				8ED821CA2ED55410004319DC /* Debug */,
				8ED821CB2ED55410004319DC /* Release */,
			);
			defaultConfigurationIsVisible = 0;
			defaultConfigurationName = Release;
		};
		8ED821CC2ED55410004319DC /* Build configuration list for PBXNativeTarget "ios-exampleTests" */ = {
			isa = XCConfigurationList;
			buildConfigurations = (
				8ED821CD2ED55410004319DC /* Debug */,
				8ED821CE2ED55410004319DC /* Release */,
			);
			defaultConfigurationIsVisible = 0;
			defaultConfigurationName = Release;
		};
		8ED821CF2ED55410004319DC /* Build configuration list for PBXNativeTarget "ios-exampleUITests" */ = {
			isa = XCConfigurationList;
			buildConfigurations = (
				8ED821D02ED55410004319DC /* Debug */,
				8ED821D12ED55410004319DC /* Release */,
			);
			defaultConfigurationIsVisible = 0;
			defaultConfigurationName = Release;
		};
/* End XCConfigurationList section */
	};
	rootObject = 8ED821A02ED5540D004319DC /* Project object */;
}
